
Microsoft Visual Studio Solution File, Format Version 12.00
# Visual Studio Version 16
VisualStudioVersion = 16.0.29009.5
MinimumVisualStudioVersion = 10.0.40219.1
Project("{FAE04EC0-301F-11D3-BF4B-00C04F79EFBC}") = "Autocompleter", "Autocompleter\Autocompleter.csproj", "{C583342E-681C-4B5B-BDD2-338EF38D1517}"
EndProject
Global
	GlobalSection(SolutionConfigurationPlatforms) = preSolution
		Debug|Any CPU = Debug|Any CPU
		Release|Any CPU = Release|Any CPU
	EndGlobalSection
	GlobalSection(ProjectConfigurationPlatforms) = postSolution
		{C583342E-681C-4B5B-BDD2-338EF38D1517}.Debug|Any CPU.ActiveCfg = Debug|Any CPU
		{C583342E-681C-4B5B-BDD2-338EF38D1517}.Debug|Any CPU.Build.0 = Debug|Any CPU
		{C583342E-681C-4B5B-BDD2-338EF38D1517}.Release|Any CPU.ActiveCfg = Release|Any CPU
		{C583342E-681C-4B5B-BDD2-338EF38D1517}.Release|Any CPU.Build.0 = Release|Any CPU
	EndGlobalSection
	GlobalSection(SolutionProperties) = preSolution
		HideSolutionNode = FALSE
	EndGlobalSection
	GlobalSection(ExtensibilityGlobals) = postSolution
		SolutionGuid = {82F760C7-74B1-432E-BA8C-C5952C6A6511}
	EndGlobalSection
EndGlobal
